
Microsoft Visual Studio Solution File, Format Version 12.00
# Visual Studio Version 16
VisualStudioVersion = 16.0.30717.126
MinimumVisualStudioVersion = 10.0.40219.1
Project("{FAE04EC0-301F-11D3-BF4B-00C04F79EFBC}") = "InterviewApp.Android", "InterviewApp\InterviewApp.Android\InterviewApp.Android.csproj", "{C3CAF878-68B4-426B-854E-3477789264C2}"
EndProject
Project("{FAE04EC0-301F-11D3-BF4B-00C04F79EFBC}") = "InterviewApp.iOS", "InterviewApp\InterviewApp.iOS\InterviewApp.iOS.csproj", "{8FD800B2-F016-4AFE-85AA-136E72AEE4B1}"
EndProject
Project("{9A19103F-16F7-4668-BE54-9A1E7A4F7556}") = "InterviewApp", "InterviewApp\InterviewApp\InterviewApp.csproj", "{0F9C7D6E-41B4-4FB3-8B50-6D6E438A11B1}"
EndProject
Project("{9A19103F-16F7-4668-BE54-9A1E7A4F7556}") = "InterviewApp.Library", "Interview.Library\InterviewApp.Library.csproj", "{01D157BA-4855-41EA-9B60-F13686B59329}"
EndProject
Project("{FAE04EC0-301F-11D3-BF4B-00C04F79EFBC}") = "WeatherAPITest", "..\API project\WeatherAPITest\WeatherAPITest\WeatherAPITest.csproj", "{4D563FE4-2841-4288-B600-6A69246C6F70}"
EndProject
Global
	GlobalSection(SolutionConfigurationPlatforms) = preSolution
		Debug|Any CPU = Debug|Any CPU
		Debug|iPhone = Debug|iPhone
		Debug|iPhoneSimulator = Debug|iPhoneSimulator
		Release|Any CPU = Release|Any CPU
		Release|iPhone = Release|iPhone
		Release|iPhoneSimulator = Release|iPhoneSimulator
	EndGlobalSection
	GlobalSection(ProjectConfigurationPlatforms) = postSolution
		{C3CAF878-68B4-426B-854E-3477789264C2}.Debug|Any CPU.ActiveCfg = Debug|Any CPU
		{C3CAF878-68B4-426B-854E-3477789264C2}.Debug|Any CPU.Build.0 = Debug|Any CPU
		{C3CAF878-68B4-426B-854E-3477789264C2}.Debug|Any CPU.Deploy.0 = Debug|Any CPU
		{C3CAF878-68B4-426B-854E-3477789264C2}.Debug|iPhone.ActiveCfg = Debug|Any CPU
		{C3CAF878-68B4-426B-854E-3477789264C2}.Debug|iPhone.Build.0 = Debug|Any CPU
		{C3CAF878-68B4-426B-854E-3477789264C2}.Debug|iPhoneSimulator.ActiveCfg = Debug|Any CPU
		{C3CAF878-68B4-426B-854E-3477789264C2}.Debug|iPhoneSimulator.Build.0 = Debug|Any CPU
		{C3CAF878-68B4-426B-854E-3477789264C2}.Release|Any CPU.ActiveCfg = Release|Any CPU
		{C3CAF878-68B4-426B-854E-3477789264C2}.Release|Any CPU.Build.0 = Release|Any CPU
		{C3CAF878-68B4-426B-854E-3477789264C2}.Release|Any CPU.Deploy.0 = Release|Any CPU
		{C3CAF878-68B4-426B-854E-3477789264C2}.Release|iPhone.ActiveCfg = Release|Any CPU
		{C3CAF878-68B4-426B-854E-3477789264C2}.Release|iPhone.Build.0 = Release|Any CPU
		{C3CAF878-68B4-426B-854E-3477789264C2}.Release|iPhone.Deploy.0 = Release|Any CPU
		{C3CAF878-68B4-426B-854E-3477789264C2}.Release|iPhoneSimulator.ActiveCfg = Release|Any CPU
		{C3CAF878-68B4-426B-854E-3477789264C2}.Release|iPhoneSimulator.Build.0 = Release|Any CPU
		{C3CAF878-68B4-426B-854E-3477789264C2}.Release|iPhoneSimulator.Deploy.0 = Release|Any CPU
		{8FD800B2-F016-4AFE-85AA-136E72AEE4B1}.Debug|Any CPU.ActiveCfg = Debug|iPhone
		{8FD800B2-F016-4AFE-85AA-136E72AEE4B1}.Debug|Any CPU.Build.0 = Debug|iPhone
		{8FD800B2-F016-4AFE-85AA-136E72AEE4B1}.Debug|Any CPU.Deploy.0 = Debug|iPhone
		{8FD800B2-F016-4AFE-85AA-136E72AEE4B1}.Debug|iPhone.ActiveCfg = Debug|iPhone
		{8FD800B2-F016-4AFE-85AA-136E72AEE4B1}.Debug|iPhone.Build.0 = Debug|iPhone
		{8FD800B2-F016-4AFE-85AA-136E72AEE4B1}.Debug|iPhone.Deploy.0 = Debug|iPhone
		{8FD800B2-F016-4AFE-85AA-136E72AEE4B1}.Debug|iPhoneSimulator.ActiveCfg = Debug|iPhoneSimulator
		{8FD800B2-F016-4AFE-85AA-136E72AEE4B1}.Debug|iPhoneSimulator.Build.0 = Debug|iPhoneSimulator
		{8FD800B2-F016-4AFE-85AA-136E72AEE4B1}.Debug|iPhoneSimulator.Deploy.0 = Debug|iPhoneSimulator
		{8FD800B2-F016-4AFE-85AA-136E72AEE4B1}.Release|Any CPU.ActiveCfg = Debug|iPhoneSimulator
		{8FD800B2-F016-4AFE-85AA-136E72AEE4B1}.Release|iPhone.ActiveCfg = Debug|iPhone
		{8FD800B2-F016-4AFE-85AA-136E72AEE4B1}.Release|iPhoneSimulator.ActiveCfg = Debug|iPhoneSimulator
		{0F9C7D6E-41B4-4FB3-8B50-6D6E438A11B1}.Debug|Any CPU.ActiveCfg = Debug|Any CPU
		{0F9C7D6E-41B4-4FB3-8B50-6D6E438A11B1}.Debug|Any CPU.Build.0 = Debug|Any CPU
		{0F9C7D6E-41B4-4FB3-8B50-6D6E438A11B1}.Debug|Any CPU.Deploy.0 = Debug|Any CPU
		{0F9C7D6E-41B4-4FB3-8B50-6D6E438A11B1}.Debug|iPhone.ActiveCfg = Debug|Any CPU
		{0F9C7D6E-41B4-4FB3-8B50-6D6E438A11B1}.Debug|iPhone.Build.0 = Debug|Any CPU
		{0F9C7D6E-41B4-4FB3-8B50-6D6E438A11B1}.Debug|iPhone.Deploy.0 = Debug|Any CPU
		{0F9C7D6E-41B4-4FB3-8B50-6D6E438A11B1}.Debug|iPhoneSimulator.ActiveCfg = Debug|Any CPU
		{0F9C7D6E-41B4-4FB3-8B50-6D6E438A11B1}.Debug|iPhoneSimulator.Build.0 = Debug|Any CPU
		{0F9C7D6E-41B4-4FB3-8B50-6D6E438A11B1}.Debug|iPhoneSimulator.Deploy.0 = Debug|Any CPU
		{0F9C7D6E-41B4-4FB3-8B50-6D6E438A11B1}.Release|Any CPU.ActiveCfg = Release|Any CPU
		{0F9C7D6E-41B4-4FB3-8B50-6D6E438A11B1}.Release|Any CPU.Build.0 = Release|Any CPU
		{0F9C7D6E-41B4-4FB3-8B50-6D6E438A11B1}.Release|iPhone.ActiveCfg = Release|Any CPU
		{0F9C7D6E-41B4-4FB3-8B50-6D6E438A11B1}.Release|iPhone.Build.0 = Release|Any CPU
		{0F9C7D6E-41B4-4FB3-8B50-6D6E438A11B1}.Release|iPhoneSimulator.ActiveCfg = Release|Any CPU
		{0F9C7D6E-41B4-4FB3-8B50-6D6E438A11B1}.Release|iPhoneSimulator.Build.0 = Release|Any CPU
		{01D157BA-4855-41EA-9B60-F13686B59329}.Debug|Any CPU.ActiveCfg = Debug|Any CPU
		{01D157BA-4855-41EA-9B60-F13686B59329}.Debug|Any CPU.Build.0 = Debug|Any CPU
		{01D157BA-4855-41EA-9B60-F13686B59329}.Debug|iPhone.ActiveCfg = Debug|Any CPU
		{01D157BA-4855-41EA-9B60-F13686B59329}.Debug|iPhone.Build.0 = Debug|Any CPU
		{01D157BA-4855-41EA-9B60-F13686B59329}.Debug|iPhoneSimulator.ActiveCfg = Debug|Any CPU
		{01D157BA-4855-41EA-9B60-F13686B59329}.Debug|iPhoneSimulator.Build.0 = Debug|Any CPU
		{01D157BA-4855-41EA-9B60-F13686B59329}.Release|Any CPU.ActiveCfg = Release|Any CPU
		{01D157BA-4855-41EA-9B60-F13686B59329}.Release|Any CPU.Build.0 = Release|Any CPU
		{01D157BA-4855-41EA-9B60-F13686B59329}.Release|iPhone.ActiveCfg = Release|Any CPU
		{01D157BA-4855-41EA-9B60-F13686B59329}.Release|iPhone.Build.0 = Release|Any CPU
		{01D157BA-4855-41EA-9B60-F13686B59329}.Release|iPhoneSimulator.ActiveCfg = Release|Any CPU
		{01D157BA-4855-41EA-9B60-F13686B59329}.Release|iPhoneSimulator.Build.0 = Release|Any CPU
		{4D563FE4-2841-4288-B600-6A69246C6F70}.Debug|Any CPU.ActiveCfg = Debug|Any CPU
		{4D563FE4-2841-4288-B600-6A69246C6F70}.Debug|Any CPU.Build.0 = Debug|Any CPU
		{4D563FE4-2841-4288-B600-6A69246C6F70}.Debug|iPhone.ActiveCfg = Debug|Any CPU
		{4D563FE4-2841-4288-B600-6A69246C6F70}.Debug|iPhone.Build.0 = Debug|Any CPU
		{4D563FE4-2841-4288-B600-6A69246C6F70}.Debug|iPhoneSimulator.ActiveCfg = Debug|Any CPU
		{4D563FE4-2841-4288-B600-6A69246C6F70}.Debug|iPhoneSimulator.Build.0 = Debug|Any CPU
		{4D563FE4-2841-4288-B600-6A69246C6F70}.Release|Any CPU.ActiveCfg = Release|Any CPU
		{4D563FE4-2841-4288-B600-6A69246C6F70}.Release|Any CPU.Build.0 = Release|Any CPU
		{4D563FE4-2841-4288-B600-6A69246C6F70}.Release|iPhone.ActiveCfg = Release|Any CPU
		{4D563FE4-2841-4288-B600-6A69246C6F70}.Release|iPhone.Build.0 = Release|Any CPU
		{4D563FE4-2841-4288-B600-6A69246C6F70}.Release|iPhoneSimulator.ActiveCfg = Release|Any CPU
		{4D563FE4-2841-4288-B600-6A69246C6F70}.Release|iPhoneSimulator.Build.0 = Release|Any CPU
	EndGlobalSection
	GlobalSection(SolutionProperties) = preSolution
		HideSolutionNode = FALSE
	EndGlobalSection
	GlobalSection(ExtensibilityGlobals) = postSolution
		SolutionGuid = {2B511A5E-E9DE-43F8-B89F-EC87B958A893}
	EndGlobalSection
EndGlobal
